{
  "object": {
    "pins": [
      {
        "package": "DeckKit",
        "repositoryURL": "git@github.com:danielsaidi/DeckKit.git",
        "state": {
          "branch": "master",
          "revision": "3632a33923f8611e9954689440f6b47d6e2601a2",
          "version": null
        }
      }
    ]
  },
  "version": 1
}
