{
  "object": {
    "pins": [
      {
        "package": "DeckKit",
        "repositoryURL": "git@github.com:danielsaidi/DeckKit.git",
        "state": {
          "branch": "master",
          "revision": "7c7a0a5dd2f59fa20dd33f08a4215ac0e318a741",
          "version": null
        }
      }
    ]
  },
  "version": 1
}
