{
  "object": {
    "pins": [
      {
        "package": "DeckKit",
        "repositoryURL": "git@github.com:danielsaidi/DeckKit.git",
        "state": {
          "branch": "master",
          "revision": "6f2098729e923f31b196a39fc658608f47d3bee1",
          "version": null
        }
      }
    ]
  },
  "version": 1
}
